
Microsoft Visual Studio Solution File, Format Version 12.00
# Visual Studio Version 17
VisualStudioVersion = 17.2.32526.322
MinimumVisualStudioVersion = 10.0.40219.1
Project("{8BC9CEB8-8B4A-11D0-8D11-00A0C91BC942}") = "DialoguePauser", "DialoguePauser.vcxproj", "{A0D8B7E4-D7DA-43FF-AEE1-08C9103B2E18}"
	ProjectSection(ProjectDependencies) = postProject
		{7F45825C-9039-4117-93E5-3F8D7D5F4FA8} = {7F45825C-9039-4117-93E5-3F8D7D5F4FA8}
		{8DA34EDE-7D5C-4DA3-8841-78AB05E8C6D2} = {8DA34EDE-7D5C-4DA3-8841-78AB05E8C6D2}
		{E8071203-085E-4B90-9C5C-39D546ED6FE2} = {E8071203-085E-4B90-9C5C-39D546ED6FE2}
	EndProjectSection
EndProject
Project("{8BC9CEB8-8B4A-11D0-8D11-00A0C91BC942}") = "LE1-SDK", "LEASIMods\LE1-ASI-Plugins\LE1-SDK\LE1-SDK.vcxproj", "{E8071203-085E-4B90-9C5C-39D546ED6FE2}"
EndProject
Project("{8BC9CEB8-8B4A-11D0-8D11-00A0C91BC942}") = "LE2-SDK", "LEASIMods\LE2-ASI-Plugins\LE2-SDK\LE2-SDK.vcxproj", "{7F45825C-9039-4117-93E5-3F8D7D5F4FA8}"
EndProject
Project("{8BC9CEB8-8B4A-11D0-8D11-00A0C91BC942}") = "LE3-SDK", "LEASIMods\LE3-ASI-Plugins\LE3-SDK\LE3-SDK.vcxproj", "{8DA34EDE-7D5C-4DA3-8841-78AB05E8C6D2}"
EndProject
Global
	GlobalSection(SolutionConfigurationPlatforms) = preSolution
		Debug|x64 = Debug|x64
		Debug|x86 = Debug|x86
		LE1Debug|x64 = LE1Debug|x64
		LE1Debug|x86 = LE1Debug|x86
		LE1Release|x64 = LE1Release|x64
		LE1Release|x86 = LE1Release|x86
		LE2Debug|x64 = LE2Debug|x64
		LE2Debug|x86 = LE2Debug|x86
		LE2Release|x64 = LE2Release|x64
		LE2Release|x86 = LE2Release|x86
		LE3Debug|x64 = LE3Debug|x64
		LE3Debug|x86 = LE3Debug|x86
		LE3Release|x64 = LE3Release|x64
		LE3Release|x86 = LE3Release|x86
		Release|x64 = Release|x64
		Release|x86 = Release|x86
	EndGlobalSection
	GlobalSection(ProjectConfigurationPlatforms) = postSolution
		{A0D8B7E4-D7DA-43FF-AEE1-08C9103B2E18}.Debug|x64.ActiveCfg = LE2Debug|x64
		{A0D8B7E4-D7DA-43FF-AEE1-08C9103B2E18}.Debug|x86.ActiveCfg = LE2Debug|x64
		{A0D8B7E4-D7DA-43FF-AEE1-08C9103B2E18}.Debug|x86.Build.0 = LE2Debug|x64
		{A0D8B7E4-D7DA-43FF-AEE1-08C9103B2E18}.LE1Debug|x64.ActiveCfg = LE1Debug|x64
		{A0D8B7E4-D7DA-43FF-AEE1-08C9103B2E18}.LE1Debug|x64.Build.0 = LE1Debug|x64
		{A0D8B7E4-D7DA-43FF-AEE1-08C9103B2E18}.LE1Debug|x86.ActiveCfg = LE1Debug|x64
		{A0D8B7E4-D7DA-43FF-AEE1-08C9103B2E18}.LE1Debug|x86.Build.0 = LE1Debug|x64
		{A0D8B7E4-D7DA-43FF-AEE1-08C9103B2E18}.LE1Release|x64.ActiveCfg = LE1Release|x64
		{A0D8B7E4-D7DA-43FF-AEE1-08C9103B2E18}.LE1Release|x64.Build.0 = LE1Release|x64
		{A0D8B7E4-D7DA-43FF-AEE1-08C9103B2E18}.LE1Release|x86.ActiveCfg = LE1Release|x64
		{A0D8B7E4-D7DA-43FF-AEE1-08C9103B2E18}.LE1Release|x86.Build.0 = LE1Release|x64
		{A0D8B7E4-D7DA-43FF-AEE1-08C9103B2E18}.LE2Debug|x64.ActiveCfg = LE2Debug|x64
		{A0D8B7E4-D7DA-43FF-AEE1-08C9103B2E18}.LE2Debug|x64.Build.0 = LE2Debug|x64
		{A0D8B7E4-D7DA-43FF-AEE1-08C9103B2E18}.LE2Debug|x86.ActiveCfg = LE2Debug|x64
		{A0D8B7E4-D7DA-43FF-AEE1-08C9103B2E18}.LE2Debug|x86.Build.0 = LE2Debug|x64
		{A0D8B7E4-D7DA-43FF-AEE1-08C9103B2E18}.LE2Release|x64.ActiveCfg = LE2Release|x64
		{A0D8B7E4-D7DA-43FF-AEE1-08C9103B2E18}.LE2Release|x64.Build.0 = LE2Release|x64
		{A0D8B7E4-D7DA-43FF-AEE1-08C9103B2E18}.LE2Release|x86.ActiveCfg = LE2Release|x64
		{A0D8B7E4-D7DA-43FF-AEE1-08C9103B2E18}.LE2Release|x86.Build.0 = LE2Release|x64
		{A0D8B7E4-D7DA-43FF-AEE1-08C9103B2E18}.LE3Debug|x64.ActiveCfg = LE3Debug|x64
		{A0D8B7E4-D7DA-43FF-AEE1-08C9103B2E18}.LE3Debug|x64.Build.0 = LE3Debug|x64
		{A0D8B7E4-D7DA-43FF-AEE1-08C9103B2E18}.LE3Debug|x86.ActiveCfg = LE3Debug|x64
		{A0D8B7E4-D7DA-43FF-AEE1-08C9103B2E18}.LE3Debug|x86.Build.0 = LE3Debug|x64
		{A0D8B7E4-D7DA-43FF-AEE1-08C9103B2E18}.LE3Release|x64.ActiveCfg = LE3Release|x64
		{A0D8B7E4-D7DA-43FF-AEE1-08C9103B2E18}.LE3Release|x64.Build.0 = LE3Release|x64
		{A0D8B7E4-D7DA-43FF-AEE1-08C9103B2E18}.LE3Release|x86.ActiveCfg = LE3Release|x64
		{A0D8B7E4-D7DA-43FF-AEE1-08C9103B2E18}.LE3Release|x86.Build.0 = LE3Release|x64
		{A0D8B7E4-D7DA-43FF-AEE1-08C9103B2E18}.Release|x64.ActiveCfg = LE1Release|x64
		{A0D8B7E4-D7DA-43FF-AEE1-08C9103B2E18}.Release|x86.ActiveCfg = LE1Release|x64
		{A0D8B7E4-D7DA-43FF-AEE1-08C9103B2E18}.Release|x86.Build.0 = LE1Release|x64
		{E8071203-085E-4B90-9C5C-39D546ED6FE2}.Debug|x64.ActiveCfg = Debug|x64
		{E8071203-085E-4B90-9C5C-39D546ED6FE2}.Debug|x64.Build.0 = Debug|x64
		{E8071203-085E-4B90-9C5C-39D546ED6FE2}.Debug|x86.ActiveCfg = Debug|x64
		{E8071203-085E-4B90-9C5C-39D546ED6FE2}.Debug|x86.Build.0 = Debug|x64
		{E8071203-085E-4B90-9C5C-39D546ED6FE2}.LE1Debug|x64.ActiveCfg = Debug|x64
		{E8071203-085E-4B90-9C5C-39D546ED6FE2}.LE1Debug|x64.Build.0 = Debug|x64
		{E8071203-085E-4B90-9C5C-39D546ED6FE2}.LE1Debug|x86.ActiveCfg = Debug|x64
		{E8071203-085E-4B90-9C5C-39D546ED6FE2}.LE1Debug|x86.Build.0 = Debug|x64
		{E8071203-085E-4B90-9C5C-39D546ED6FE2}.LE1Release|x64.ActiveCfg = Release|x64
		{E8071203-085E-4B90-9C5C-39D546ED6FE2}.LE1Release|x64.Build.0 = Release|x64
		{E8071203-085E-4B90-9C5C-39D546ED6FE2}.LE1Release|x86.ActiveCfg = Release|x64
		{E8071203-085E-4B90-9C5C-39D546ED6FE2}.LE1Release|x86.Build.0 = Release|x64
		{E8071203-085E-4B90-9C5C-39D546ED6FE2}.LE2Debug|x64.ActiveCfg = Debug|x64
		{E8071203-085E-4B90-9C5C-39D546ED6FE2}.LE2Debug|x86.ActiveCfg = Debug|x64
		{E8071203-085E-4B90-9C5C-39D546ED6FE2}.LE2Debug|x86.Build.0 = Debug|x64
		{E8071203-085E-4B90-9C5C-39D546ED6FE2}.LE2Release|x64.ActiveCfg = Release|x64
		{E8071203-085E-4B90-9C5C-39D546ED6FE2}.LE2Release|x86.ActiveCfg = Release|x64
		{E8071203-085E-4B90-9C5C-39D546ED6FE2}.LE2Release|x86.Build.0 = Release|x64
		{E8071203-085E-4B90-9C5C-39D546ED6FE2}.LE3Debug|x64.ActiveCfg = Debug|x64
		{E8071203-085E-4B90-9C5C-39D546ED6FE2}.LE3Debug|x86.ActiveCfg = Debug|x64
		{E8071203-085E-4B90-9C5C-39D546ED6FE2}.LE3Debug|x86.Build.0 = Debug|x64
		{E8071203-085E-4B90-9C5C-39D546ED6FE2}.LE3Release|x64.ActiveCfg = Release|x64
		{E8071203-085E-4B90-9C5C-39D546ED6FE2}.LE3Release|x86.ActiveCfg = Release|x64
		{E8071203-085E-4B90-9C5C-39D546ED6FE2}.LE3Release|x86.Build.0 = Release|x64
		{E8071203-085E-4B90-9C5C-39D546ED6FE2}.Release|x64.ActiveCfg = Release|x64
		{E8071203-085E-4B90-9C5C-39D546ED6FE2}.Release|x64.Build.0 = Release|x64
		{E8071203-085E-4B90-9C5C-39D546ED6FE2}.Release|x86.ActiveCfg = Release|x64
		{E8071203-085E-4B90-9C5C-39D546ED6FE2}.Release|x86.Build.0 = Release|x64
		{7F45825C-9039-4117-93E5-3F8D7D5F4FA8}.Debug|x64.ActiveCfg = Debug|x64
		{7F45825C-9039-4117-93E5-3F8D7D5F4FA8}.Debug|x64.Build.0 = Debug|x64
		{7F45825C-9039-4117-93E5-3F8D7D5F4FA8}.Debug|x86.ActiveCfg = Debug|Win32
		{7F45825C-9039-4117-93E5-3F8D7D5F4FA8}.Debug|x86.Build.0 = Debug|Win32
		{7F45825C-9039-4117-93E5-3F8D7D5F4FA8}.LE1Debug|x64.ActiveCfg = Debug|x64
		{7F45825C-9039-4117-93E5-3F8D7D5F4FA8}.LE1Debug|x86.ActiveCfg = Debug|Win32
		{7F45825C-9039-4117-93E5-3F8D7D5F4FA8}.LE1Debug|x86.Build.0 = Debug|Win32
		{7F45825C-9039-4117-93E5-3F8D7D5F4FA8}.LE1Release|x64.ActiveCfg = Release|x64
		{7F45825C-9039-4117-93E5-3F8D7D5F4FA8}.LE1Release|x86.ActiveCfg = Release|Win32
		{7F45825C-9039-4117-93E5-3F8D7D5F4FA8}.LE1Release|x86.Build.0 = Release|Win32
		{7F45825C-9039-4117-93E5-3F8D7D5F4FA8}.LE2Debug|x64.ActiveCfg = Debug|x64
		{7F45825C-9039-4117-93E5-3F8D7D5F4FA8}.LE2Debug|x64.Build.0 = Debug|x64
		{7F45825C-9039-4117-93E5-3F8D7D5F4FA8}.LE2Debug|x86.ActiveCfg = Debug|Win32
		{7F45825C-9039-4117-93E5-3F8D7D5F4FA8}.LE2Debug|x86.Build.0 = Debug|Win32
		{7F45825C-9039-4117-93E5-3F8D7D5F4FA8}.LE2Release|x64.ActiveCfg = Release|x64
		{7F45825C-9039-4117-93E5-3F8D7D5F4FA8}.LE2Release|x64.Build.0 = Release|x64
		{7F45825C-9039-4117-93E5-3F8D7D5F4FA8}.LE2Release|x86.ActiveCfg = Release|Win32
		{7F45825C-9039-4117-93E5-3F8D7D5F4FA8}.LE2Release|x86.Build.0 = Release|Win32
		{7F45825C-9039-4117-93E5-3F8D7D5F4FA8}.LE3Debug|x64.ActiveCfg = Debug|x64
		{7F45825C-9039-4117-93E5-3F8D7D5F4FA8}.LE3Debug|x86.ActiveCfg = Debug|Win32
		{7F45825C-9039-4117-93E5-3F8D7D5F4FA8}.LE3Debug|x86.Build.0 = Debug|Win32
		{7F45825C-9039-4117-93E5-3F8D7D5F4FA8}.LE3Release|x64.ActiveCfg = Release|x64
		{7F45825C-9039-4117-93E5-3F8D7D5F4FA8}.LE3Release|x86.ActiveCfg = Release|Win32
		{7F45825C-9039-4117-93E5-3F8D7D5F4FA8}.LE3Release|x86.Build.0 = Release|Win32
		{7F45825C-9039-4117-93E5-3F8D7D5F4FA8}.Release|x64.ActiveCfg = Release|x64
		{7F45825C-9039-4117-93E5-3F8D7D5F4FA8}.Release|x64.Build.0 = Release|x64
		{7F45825C-9039-4117-93E5-3F8D7D5F4FA8}.Release|x86.ActiveCfg = Release|Win32
		{7F45825C-9039-4117-93E5-3F8D7D5F4FA8}.Release|x86.Build.0 = Release|Win32
		{8DA34EDE-7D5C-4DA3-8841-78AB05E8C6D2}.Debug|x64.ActiveCfg = Debug|x64
		{8DA34EDE-7D5C-4DA3-8841-78AB05E8C6D2}.Debug|x64.Build.0 = Debug|x64
		{8DA34EDE-7D5C-4DA3-8841-78AB05E8C6D2}.Debug|x86.ActiveCfg = Debug|x64
		{8DA34EDE-7D5C-4DA3-8841-78AB05E8C6D2}.Debug|x86.Build.0 = Debug|x64
		{8DA34EDE-7D5C-4DA3-8841-78AB05E8C6D2}.LE1Debug|x64.ActiveCfg = Debug|x64
		{8DA34EDE-7D5C-4DA3-8841-78AB05E8C6D2}.LE1Debug|x86.ActiveCfg = Debug|x64
		{8DA34EDE-7D5C-4DA3-8841-78AB05E8C6D2}.LE1Debug|x86.Build.0 = Debug|x64
		{8DA34EDE-7D5C-4DA3-8841-78AB05E8C6D2}.LE1Release|x64.ActiveCfg = Release|x64
		{8DA34EDE-7D5C-4DA3-8841-78AB05E8C6D2}.LE1Release|x86.ActiveCfg = Release|x64
		{8DA34EDE-7D5C-4DA3-8841-78AB05E8C6D2}.LE1Release|x86.Build.0 = Release|x64
		{8DA34EDE-7D5C-4DA3-8841-78AB05E8C6D2}.LE2Debug|x64.ActiveCfg = Debug|x64
		{8DA34EDE-7D5C-4DA3-8841-78AB05E8C6D2}.LE2Debug|x86.ActiveCfg = Debug|x64
		{8DA34EDE-7D5C-4DA3-8841-78AB05E8C6D2}.LE2Debug|x86.Build.0 = Debug|x64
		{8DA34EDE-7D5C-4DA3-8841-78AB05E8C6D2}.LE2Release|x64.ActiveCfg = Release|x64
		{8DA34EDE-7D5C-4DA3-8841-78AB05E8C6D2}.LE2Release|x86.ActiveCfg = Release|x64
		{8DA34EDE-7D5C-4DA3-8841-78AB05E8C6D2}.LE2Release|x86.Build.0 = Release|x64
		{8DA34EDE-7D5C-4DA3-8841-78AB05E8C6D2}.LE3Debug|x64.ActiveCfg = Debug|x64
		{8DA34EDE-7D5C-4DA3-8841-78AB05E8C6D2}.LE3Debug|x64.Build.0 = Debug|x64
		{8DA34EDE-7D5C-4DA3-8841-78AB05E8C6D2}.LE3Debug|x86.ActiveCfg = Debug|x64
		{8DA34EDE-7D5C-4DA3-8841-78AB05E8C6D2}.LE3Debug|x86.Build.0 = Debug|x64
		{8DA34EDE-7D5C-4DA3-8841-78AB05E8C6D2}.LE3Release|x64.ActiveCfg = Release|x64
		{8DA34EDE-7D5C-4DA3-8841-78AB05E8C6D2}.LE3Release|x64.Build.0 = Release|x64
		{8DA34EDE-7D5C-4DA3-8841-78AB05E8C6D2}.LE3Release|x86.ActiveCfg = Release|x64
		{8DA34EDE-7D5C-4DA3-8841-78AB05E8C6D2}.LE3Release|x86.Build.0 = Release|x64
		{8DA34EDE-7D5C-4DA3-8841-78AB05E8C6D2}.Release|x64.ActiveCfg = Release|x64
		{8DA34EDE-7D5C-4DA3-8841-78AB05E8C6D2}.Release|x64.Build.0 = Release|x64
		{8DA34EDE-7D5C-4DA3-8841-78AB05E8C6D2}.Release|x86.ActiveCfg = Release|x64
		{8DA34EDE-7D5C-4DA3-8841-78AB05E8C6D2}.Release|x86.Build.0 = Release|x64
	EndGlobalSection
	GlobalSection(SolutionProperties) = preSolution
		HideSolutionNode = FALSE
	EndGlobalSection
	GlobalSection(ExtensibilityGlobals) = postSolution
		SolutionGuid = {954A44A8-553A-4F18-8BD8-AAAF8541C5D6}
	EndGlobalSection
EndGlobal
